
Microsoft Visual Studio Solution File, Format Version 12.00
# Visual Studio Version 16
VisualStudioVersion = 16.0.30907.101
MinimumVisualStudioVersion = 10.0.40219.1
Project("{FAE04EC0-301F-11D3-BF4B-00C04F79EFBC}") = "CDWebApp", "CDWebApp\CDWebApp.csproj", "{941320B8-9DE2-4912-93E9-EDC38988A1DE}"
EndProject
Global
	GlobalSection(SolutionConfigurationPlatforms) = preSolution
		Debug|Any CPU = Debug|Any CPU
		Release|Any CPU = Release|Any CPU
	EndGlobalSection
	GlobalSection(ProjectConfigurationPlatforms) = postSolution
		{941320B8-9DE2-4912-93E9-EDC38988A1DE}.Debug|Any CPU.ActiveCfg = Debug|Any CPU
		{941320B8-9DE2-4912-93E9-EDC38988A1DE}.Debug|Any CPU.Build.0 = Debug|Any CPU
		{941320B8-9DE2-4912-93E9-EDC38988A1DE}.Release|Any CPU.ActiveCfg = Release|Any CPU
		{941320B8-9DE2-4912-93E9-EDC38988A1DE}.Release|Any CPU.Build.0 = Release|Any CPU
	EndGlobalSection
	GlobalSection(SolutionProperties) = preSolution
		HideSolutionNode = FALSE
	EndGlobalSection
	GlobalSection(ExtensibilityGlobals) = postSolution
		SolutionGuid = {1A710C5C-7AB3-479C-B2A5-904AF3E1DBA3}
	EndGlobalSection
EndGlobal
